# @generated - this file is auto-generated by `mise lock` https://mise.jdx.dev/dev-tools/mise-lock.html

lockfile_version = 1

[[tools.lefthook]]
version = "1.13.6"
backend = "aqua:evilmartians/lefthook"
specifiers = ["1"]

[tools.lefthook."platforms.linux-arm64"]
checksum = "sha256:43f46f76e84b8f379fe399e1baaead5613568598e9448b38fc00f9309336f2ca"
url = "https://github.com/evilmartians/lefthook/releases/download/v1.13.6/lefthook_1.13.6_Linux_aarch64.gz"
url_api = "https://api.github.com/repos/evilmartians/lefthook/releases/assets/298904340"

[tools.lefthook."platforms.linux-arm64-musl"]
checksum = "sha256:43f46f76e84b8f379fe399e1baaead5613568598e9448b38fc00f9309336f2ca"
url = "https://github.com/evilmartians/lefthook/releases/download/v1.13.6/lefthook_1.13.6_Linux_aarch64.gz"
url_api = "https://api.github.com/repos/evilmartians/lefthook/releases/assets/298904340"

[tools.lefthook."platforms.linux-x64"]
checksum = "sha256:c2406f881fd0ee1ddc5e1400d809d7d02ba6c908bb0118139689d925691e884e"
url = "https://github.com/evilmartians/lefthook/releases/download/v1.13.6/lefthook_1.13.6_Linux_x86_64.gz"
url_api = "https://api.github.com/repos/evilmartians/lefthook/releases/assets/298904339"

[tools.lefthook."platforms.linux-x64-musl"]
checksum = "sha256:c2406f881fd0ee1ddc5e1400d809d7d02ba6c908bb0118139689d925691e884e"
url = "https://github.com/evilmartians/lefthook/releases/download/v1.13.6/lefthook_1.13.6_Linux_x86_64.gz"
url_api = "https://api.github.com/repos/evilmartians/lefthook/releases/assets/298904339"

[tools.lefthook."platforms.macos-arm64"]
checksum = "sha256:685488fd61ad19482627f3e0d84982e5bcf019298a3d20f93b371d5585a2327e"
url = "https://github.com/evilmartians/lefthook/releases/download/v1.13.6/lefthook_1.13.6_MacOS_arm64.gz"
url_api = "https://api.github.com/repos/evilmartians/lefthook/releases/assets/298904332"

[tools.lefthook."platforms.macos-x64"]
checksum = "sha256:71989dd1d3178b4fa179f3f7906ca135f102ce705b3d36f9b88aed6b976d192d"
url = "https://github.com/evilmartians/lefthook/releases/download/v1.13.6/lefthook_1.13.6_MacOS_x86_64.gz"
url_api = "https://api.github.com/repos/evilmartians/lefthook/releases/assets/298904316"

[tools.lefthook."platforms.windows-x64"]
checksum = "sha256:f08bf0cbe0b1c35c79f8e0bad59b283f7aa7f01e622aa02bbb7404c265694f39"
url = "https://github.com/evilmartians/lefthook/releases/download/v1.13.6/lefthook_1.13.6_Windows_x86_64.gz"
url_api = "https://api.github.com/repos/evilmartians/lefthook/releases/assets/298904323"

[[tools."pipx:lizard"]]
version = "1.22.2"
backend = "pipx:lizard"
specifiers = ["1.22.2"]

[[tools.process-compose]]
version = "1.122.0"
backend = "aqua:F1bonacc1/process-compose"
specifiers = ["1"]

[tools.process-compose."platforms.linux-arm64"]
checksum = "sha256:52fa7d5a2d5e0db470faec5976204fc215ed7e3d13689e930cf522becfb63778"
url = "https://github.com/F1bonacc1/process-compose/releases/download/v1.122.0/process-compose_linux_arm64.tar.gz"
url_api = "https://api.github.com/repos/F1bonacc1/process-compose/releases/assets/518622328"

[tools.process-compose."platforms.linux-arm64-musl"]
checksum = "sha256:52fa7d5a2d5e0db470faec5976204fc215ed7e3d13689e930cf522becfb63778"
url = "https://github.com/F1bonacc1/process-compose/releases/download/v1.122.0/process-compose_linux_arm64.tar.gz"
url_api = "https://api.github.com/repos/F1bonacc1/process-compose/releases/assets/518622328"

[tools.process-compose."platforms.linux-x64"]
checksum = "sha256:9b6dbc38324c0b0481f1cd1dd828ffdc78117129ec797678f4bf8c4023311281"
url = "https://github.com/F1bonacc1/process-compose/releases/download/v1.122.0/process-compose_linux_amd64.tar.gz"
url_api = "https://api.github.com/repos/F1bonacc1/process-compose/releases/assets/518622317"

[tools.process-compose."platforms.linux-x64-musl"]
checksum = "sha256:9b6dbc38324c0b0481f1cd1dd828ffdc78117129ec797678f4bf8c4023311281"
url = "https://github.com/F1bonacc1/process-compose/releases/download/v1.122.0/process-compose_linux_amd64.tar.gz"
url_api = "https://api.github.com/repos/F1bonacc1/process-compose/releases/assets/518622317"

[tools.process-compose."platforms.macos-arm64"]
checksum = "sha256:eaa1238a1d6c300e928ef855d36a3d95aab8da64997104d74ea73d91d3cb6c60"
url = "https://github.com/F1bonacc1/process-compose/releases/download/v1.122.0/process-compose_darwin_arm64.tar.gz"
url_api = "https://api.github.com/repos/F1bonacc1/process-compose/releases/assets/518622315"

[tools.process-compose."platforms.macos-x64"]
checksum = "sha256:b4f76e881759e13f7913a5b2fed16a0e75275c04d3a61e656d40448921f1c3ec"
url = "https://github.com/F1bonacc1/process-compose/releases/download/v1.122.0/process-compose_darwin_amd64.tar.gz"
url_api = "https://api.github.com/repos/F1bonacc1/process-compose/releases/assets/518622318"

[tools.process-compose."platforms.windows-x64"]
checksum = "sha256:13fd7023199c7375c26477f11f213fde826e932d831f7dd51a5c229fbee3bf79"
url = "https://github.com/F1bonacc1/process-compose/releases/download/v1.122.0/process-compose_windows_amd64.zip"
url_api = "https://api.github.com/repos/F1bonacc1/process-compose/releases/assets/518622326"

[[tools.python]]
version = "3.12.14"
backend = "core:python"
specifiers = ["3.12"]

[tools.python."platforms.linux-arm64"]
checksum = "sha256:4c250ec7cea2aedde2b2e8925d7aaf5ba4924895469d6b5c81c7bdc453341c65"
url = "https://github.com/astral-sh/python-build-standalone/releases/download/20260825/cpython-3.12.14+20260825-aarch64-unknown-linux-gnu-install_only_stripped.tar.gz"
provenance = "github-attestations"

[tools.python."platforms.linux-arm64-musl"]
checksum = "sha256:92acf3228a5cfe27f492c96e39822d387900eb2cd400c5e93973f32d2fad7fbe"
url = "https://github.com/astral-sh/python-build-standalone/releases/download/20260825/cpython-3.12.14+20260825-aarch64-unknown-linux-musl-install_only_stripped.tar.gz"
provenance = "github-attestations"

[tools.python."platforms.linux-x64"]
checksum = "blake3:c9644ffd6ddcff423e133e669ea52ea0675eae26ef92cd3b6f95fc768af9de92"
url = "https://github.com/astral-sh/python-build-standalone/releases/download/20260825/cpython-3.12.14+20260825-x86_64-unknown-linux-gnu-install_only_stripped.tar.gz"
provenance = "github-attestations"

[tools.python."platforms.linux-x64-musl"]
checksum = "sha256:cf814a8afed85f1994a9b7fd16146c7faeac4f21ab68fd91537b357fd0bb0899"
url = "https://github.com/astral-sh/python-build-standalone/releases/download/20260825/cpython-3.12.14+20260825-x86_64-unknown-linux-musl-install_only_stripped.tar.gz"
provenance = "github-attestations"

[tools.python."platforms.macos-arm64"]
checksum = "sha256:8b0f1fa71eab7ca644e482c631807a1116fa848491051cd1c8d9429491de63a6"
url = "https://github.com/astral-sh/python-build-standalone/releases/download/20260825/cpython-3.12.14+20260825-aarch64-apple-darwin-install_only_stripped.tar.gz"
provenance = "github-attestations"

[tools.python."platforms.macos-x64"]
checksum = "sha256:bd486eadd20259ad1fece28c800205baac0113c3b9cc663ddae495c19ba9db38"
url = "https://github.com/astral-sh/python-build-standalone/releases/download/20260825/cpython-3.12.14+20260825-x86_64-apple-darwin-install_only_stripped.tar.gz"
provenance = "github-attestations"

[tools.python."platforms.windows-x64"]
checksum = "sha256:8e6aad12ef6fc9685e67ce66253f8f72d6e8fa02cb7187e5850bd4db5ecd9e2a"
url = "https://github.com/astral-sh/python-build-standalone/releases/download/20260825/cpython-3.12.14+20260825-x86_64-pc-windows-msvc-install_only_stripped.tar.gz"
provenance = "github-attestations"

[[tools.task]]
version = "3.53.1"
backend = "aqua:go-task/task"
specifiers = ["3"]

[tools.task."platforms.linux-arm64"]
checksum = "sha256:e3ad19101493a0112e1f22ae8ccc54bf03e533b1076a0ca1e6c782a09ad2e588"
url = "https://github.com/go-task/task/releases/download/v3.53.1/task_linux_arm64.tar.gz"
url_api = "https://api.github.com/repos/go-task/task/releases/assets/519645523"

[tools.task."platforms.linux-arm64-musl"]
checksum = "sha256:e3ad19101493a0112e1f22ae8ccc54bf03e533b1076a0ca1e6c782a09ad2e588"
url = "https://github.com/go-task/task/releases/download/v3.53.1/task_linux_arm64.tar.gz"
url_api = "https://api.github.com/repos/go-task/task/releases/assets/519645523"

[tools.task."platforms.linux-x64"]
checksum = "sha256:a54a408f6861ff921f6e87774180db31bacd8c1e7c944ca696db9fea49a82fc7"
url = "https://github.com/go-task/task/releases/download/v3.53.1/task_linux_amd64.tar.gz"
url_api = "https://api.github.com/repos/go-task/task/releases/assets/519645449"

[tools.task."platforms.linux-x64-musl"]
checksum = "sha256:a54a408f6861ff921f6e87774180db31bacd8c1e7c944ca696db9fea49a82fc7"
url = "https://github.com/go-task/task/releases/download/v3.53.1/task_linux_amd64.tar.gz"
url_api = "https://api.github.com/repos/go-task/task/releases/assets/519645449"

[tools.task."platforms.macos-arm64"]
checksum = "sha256:85d2d96c2380b33d7855b07b3f7a20dc7ca0eda999a26efa0fb5f6f32b366cd7"
url = "https://github.com/go-task/task/releases/download/v3.53.1/task_darwin_arm64.tar.gz"
url_api = "https://api.github.com/repos/go-task/task/releases/assets/519645491"

[tools.task."platforms.macos-x64"]
checksum = "sha256:7f1a702d54a789cb818a636039a83df071f4179893133afafa4eba351a7e19ef"
url = "https://github.com/go-task/task/releases/download/v3.53.1/task_darwin_amd64.tar.gz"
url_api = "https://api.github.com/repos/go-task/task/releases/assets/519645492"

[tools.task."platforms.windows-x64"]
checksum = "sha256:27c0cd248c12cba03d8958d954a3df981c900be885ec9ce5f6a3cdc4e9a19316"
url = "https://github.com/go-task/task/releases/download/v3.53.1/task_windows_amd64.zip"
url_api = "https://api.github.com/repos/go-task/task/releases/assets/519645548"

[[tools.uv]]
version = "0.12.6"
backend = "aqua:astral-sh/uv"
specifiers = ["latest"]

[tools.uv."platforms.linux-arm64"]
checksum = "sha256:d58030acd26159499ac82f32da12d1b3c12a3a1bfc414232d9082070c03e128d"
url = "https://github.com/astral-sh/uv/releases/download/0.12.6/uv-aarch64-unknown-linux-gnu.tar.gz"
url_api = "https://api.github.com/repos/astral-sh/uv/releases/assets/529690727"
provenance = "github-attestations"

[tools.uv."platforms.linux-arm64-musl"]
checksum = "sha256:3719891de9ab41c878a84331e55826d2a46421976a346a65326513a6795b089a"
url = "https://github.com/astral-sh/uv/releases/download/0.12.6/uv-aarch64-unknown-linux-musl.tar.gz"
url_api = "https://api.github.com/repos/astral-sh/uv/releases/assets/529690733"
provenance = "github-attestations"

[tools.uv."platforms.linux-x64"]
checksum = "sha256:8681d8921e7d520fb368991dcf5f9c1905b80f5bf2a265a0ed085c8d8e342477"
url = "https://github.com/astral-sh/uv/releases/download/0.12.6/uv-x86_64-unknown-linux-gnu.tar.gz"
url_api = "https://api.github.com/repos/astral-sh/uv/releases/assets/529690831"
provenance = "github-attestations"

[tools.uv."platforms.linux-x64-musl"]
checksum = "sha256:14e4172aace66a475062cebec7ca04f497d5619e95325dfcc9e4447b9c516846"
url = "https://github.com/astral-sh/uv/releases/download/0.12.6/uv-x86_64-unknown-linux-musl.tar.gz"
url_api = "https://api.github.com/repos/astral-sh/uv/releases/assets/529690844"
provenance = "github-attestations"

[tools.uv."platforms.macos-arm64"]
checksum = "sha256:14b459d51ea2e71eeba28c45a268c922bdf8607fc6455e3f40b4e082895d160d"
url = "https://github.com/astral-sh/uv/releases/download/0.12.6/uv-aarch64-apple-darwin.tar.gz"
url_api = "https://api.github.com/repos/astral-sh/uv/releases/assets/529690707"
provenance = "github-attestations"

[tools.uv."platforms.macos-x64"]
checksum = "sha256:2a26ea71bbeff1c7e12c2cc40245c96a041deff276bc921e7038e304d5d3e04c"
url = "https://github.com/astral-sh/uv/releases/download/0.12.6/uv-x86_64-apple-darwin.tar.gz"
url_api = "https://api.github.com/repos/astral-sh/uv/releases/assets/529690817"
provenance = "github-attestations"

[tools.uv."platforms.windows-x64"]
checksum = "sha256:df7cb9f243eae1621400d4fcf5b1b3d90f20e264ece91b64deb3b0078abca6ef"
url = "https://github.com/astral-sh/uv/releases/download/0.12.6/uv-x86_64-pc-windows-msvc.zip"
url_api = "https://api.github.com/repos/astral-sh/uv/releases/assets/529690826"
provenance = "github-attestations"
